github.com/gorilla/mux v1.8.1 h1:TuBL49tXwgrFYWhqrNgrUNEY92u81SPhu7sTdzQEiWY=
github.com/gorilla/mux v1.8.1/go.mod h1:AKf9I4AEqPTmMytcMc0KkNouC66V3BtZ4qD5fmWSiMQ=
github.com/nicksnyder/go-i18n/v2 v2.5.0 h1:3wH1gpaekcgGuwzWdSu7JwJhH9Tk87k1ezt0i1p2/Is=
github.com/nicksnyder/go-i18n/v2 v2.5.0/go.mod h1:DrhgsSDZxoAfvVrBVLXoxZn/pN5TXqaDbq7ju94viiQ=
golang.org/x/text v0.21.0 h1:zyQAAkrwaneQ066sspRyJaG9VNi/YJ1NfzcGB3hZ/qo=
golang.org/x/text v0.21.0/go.mod h1:4IBbMaMmOPCJ8SecivzSH54+73PCFmPWxNTLm+vZkEQ=
